
Microsoft Visual Studio Solution File, Format Version 12.00
# Visual Studio Version 17
VisualStudioVersion = 17.8.34316.72
MinimumVisualStudioVersion = 10.0.40219.1
Project("{9A19103F-16F7-4668-BE54-9A1E7A4F7556}") = "DrevoDB.Server", "DrevoDB.Server\DrevoDB.Server.csproj", "{782326B3-4F63-4374-9DAC-F4F5C88D4980}"
EndProject
Project("{9A19103F-16F7-4668-BE54-9A1E7A4F7556}") = "DrevoDB.Core", "DrevoDB.Core\DrevoDB.Core.csproj", "{AA531393-47FC-4381-8451-13FA6CEB407A}"
EndProject
Project("{2150E333-8FDC-42A3-9474-1A3956D46DE8}") = "Solution Items", "Solution Items", "{B88E7B13-465E-479E-99A5-CAF899186E32}"
	ProjectSection(SolutionItems) = preProject
		.editorconfig = .editorconfig
		.filenesting.json = .filenesting.json
		nuget.config = nuget.config
	EndProjectSection
EndProject
Project("{2150E333-8FDC-42A3-9474-1A3956D46DE8}") = "Core", "Core", "{9922DA2D-D537-4C47-9E13-8378954AED37}"
EndProject
Project("{9A19103F-16F7-4668-BE54-9A1E7A4F7556}") = "DrevoDB.SQLClient", "DrevoDB.SQLClient\DrevoDB.SQLClient.csproj", "{3638941A-F112-4CD8-887F-768F87CD06DF}"
EndProject
Project("{2150E333-8FDC-42A3-9474-1A3956D46DE8}") = "Static modules", "Static modules", "{CCBCB1B3-14BE-41FA-A03E-3B3245F158AC}"
EndProject
Project("{2150E333-8FDC-42A3-9474-1A3956D46DE8}") = "Shells", "Shells", "{C8795A02-87FB-4804-B002-10576446B726}"
EndProject
Project("{2150E333-8FDC-42A3-9474-1A3956D46DE8}") = "SQLClient", "SQLClient", "{F7484020-BEF8-411B-9355-697D789AAF30}"
EndProject
Project("{2150E333-8FDC-42A3-9474-1A3956D46DE8}") = "DBTasks", "DBTasks", "{1F53DD7A-5C31-470F-A18E-D5A13EFBCD03}"
EndProject
Project("{9A19103F-16F7-4668-BE54-9A1E7A4F7556}") = "DrevoDB.DBTasks.Abstractions", "DrevoDB.DBTasks.Abstractions\DrevoDB.DBTasks.Abstractions.csproj", "{79B05C73-77F4-4EDD-8A14-BAFD7C03D8C2}"
EndProject
Project("{2150E333-8FDC-42A3-9474-1A3956D46DE8}") = "Infrastructure", "Infrastructure", "{7F2D2035-FE4B-4475-B3A6-5DD7BA5C2746}"
EndProject
Project("{9A19103F-16F7-4668-BE54-9A1E7A4F7556}") = "DrevoDB.DBProfiler.Abstractions", "DrevoDB.DBProfiler.Abstractions\DrevoDB.DBProfiler.Abstractions.csproj", "{E528FF13-F366-4919-9E51-C4377FAEC161}"
EndProject
Project("{9A19103F-16F7-4668-BE54-9A1E7A4F7556}") = "DrevoDB.DBProfiler", "DrevoDB.DBProfiler\DrevoDB.DBProfiler.csproj", "{719C621D-1EF3-43CE-90C1-6F090433E7D3}"
EndProject
Project("{2150E333-8FDC-42A3-9474-1A3956D46DE8}") = "DBProfiler", "DBProfiler", "{DBED746F-FC51-452D-AB8C-F3920DF12718}"
EndProject
Project("{9A19103F-16F7-4668-BE54-9A1E7A4F7556}") = "DrevoDB.DBColumn.Abstractions", "DrevoDB.DBColumn.Abstractions\DrevoDB.DBColumn.Abstractions.csproj", "{0E432ABB-7F68-4C6B-A22A-501AD0264B0A}"
EndProject
Project("{9A19103F-16F7-4668-BE54-9A1E7A4F7556}") = "DrevoDB.DBColumns.Abstractions", "DrevoDB.DBColumns.Abstractions\DrevoDB.DBColumns.Abstractions.csproj", "{FA9A848A-E647-4100-B675-6ED32463561A}"
EndProject
Project("{2150E333-8FDC-42A3-9474-1A3956D46DE8}") = "DBColumn", "DBColumn", "{172AFC9D-CE8A-4441-852B-90AEA36F6B3C}"
EndProject
Project("{9A19103F-16F7-4668-BE54-9A1E7A4F7556}") = "DrevoDB.DBColumns", "DrevoDB.DBColumns\DrevoDB.DBColumns.csproj", "{C3E7B0B0-41CC-4D8B-A821-1DD81C4887DB}"
EndProject
Project("{2150E333-8FDC-42A3-9474-1A3956D46DE8}") = "DBColumns", "DBColumns", "{6CEEDA7B-EA78-408D-B69E-88ED24679B10}"
EndProject
Project("{9A19103F-16F7-4668-BE54-9A1E7A4F7556}") = "DrevoDB.DBColumn.DBChar", "DrevoDB.DBColumn.DBChar\DrevoDB.DBColumn.DBChar.csproj", "{F2421BF9-EB30-4B61-B837-ECB57C967C8F}"
EndProject
Project("{9A19103F-16F7-4668-BE54-9A1E7A4F7556}") = "DrevoDB.DBColumn.DBText", "DrevoDB.DBColumn.DBText\DrevoDB.DBColumn.DBText.csproj", "{C777AC09-B5AE-465D-9743-8790894289A4}"
EndProject
Project("{9A19103F-16F7-4668-BE54-9A1E7A4F7556}") = "DrevoDB.DBColumn.DBInteger", "DrevoDB.DBColumn.DBInteger\DrevoDB.DBColumn.DBInteger.csproj", "{97F71053-5FF1-4759-A64B-98434D2A593A}"
EndProject
Project("{9A19103F-16F7-4668-BE54-9A1E7A4F7556}") = "DrevoDB.DBColumn.DBDateTime", "DrevoDB.DBColumn.DBDateTime\DrevoDB.DBColumn.DBDateTime.csproj", "{4CBE257E-DB0E-4BDD-B9CD-72AE9FE80CDD}"
EndProject
Project("{9A19103F-16F7-4668-BE54-9A1E7A4F7556}") = "DrevoDB.DBColumn.DBDate", "DrevoDB.DBColumn.DBDate\DrevoDB.DBColumn.DBDate.csproj", "{1535AC8D-AD7E-4E85-B2DA-0C6FC3F097D5}"
EndProject
Project("{9A19103F-16F7-4668-BE54-9A1E7A4F7556}") = "DrevoDB.DBColumn.DBTime", "DrevoDB.DBColumn.DBTime\DrevoDB.DBColumn.DBTime.csproj", "{3E3D0260-C219-4834-BA63-E6BDEE1EB380}"
EndProject
Project("{2150E333-8FDC-42A3-9474-1A3956D46DE8}") = "String", "String", "{92CADA5F-BB19-4D09-AD9D-F955A177E6E2}"
EndProject
Project("{2150E333-8FDC-42A3-9474-1A3956D46DE8}") = "Numbers", "Numbers", "{3C011BC9-4B3B-433A-A94C-F07D10DF37AF}"
EndProject
Project("{2150E333-8FDC-42A3-9474-1A3956D46DE8}") = "Date and time", "Date and time", "{D9F67FFF-679E-49A6-B92D-627ADD475785}"
EndProject
Project("{2150E333-8FDC-42A3-9474-1A3956D46DE8}") = "Tasks", "Tasks", "{C0D4A69B-CA52-457B-8503-689344934893}"
EndProject
Project("{9A19103F-16F7-4668-BE54-9A1E7A4F7556}") = "DrevoDB.DBDropColumnTask.Abstractions", "DrevoDB.DBDropColumnTask.Abstractions\DrevoDB.DBDropColumnTask.Abstractions.csproj", "{92F1C3E9-09BD-44D4-A7FA-87C372CEB3D6}"
EndProject
Project("{9A19103F-16F7-4668-BE54-9A1E7A4F7556}") = "DrevoDB.DBDropTableTask.Abstractions", "DrevoDB.DBDropTableTask.Abstractions\DrevoDB.DBDropTableTask.Abstractions.csproj", "{B0436EE2-338D-4F49-A304-6ABD47B72181}"
EndProject
Project("{9A19103F-16F7-4668-BE54-9A1E7A4F7556}") = "DrevoDB.DBSaveColumnTask.Abstractions", "DrevoDB.DBSaveColumnTask.Abstractions\DrevoDB.DBSaveColumnTask.Abstractions.csproj", "{0F14F614-E47E-4E2C-8053-E75161561669}"
EndProject
Project("{9A19103F-16F7-4668-BE54-9A1E7A4F7556}") = "DrevoDB.DBSaveTableTask.Abstractions", "DrevoDB.DBSaveTableTask.Abstractions\DrevoDB.DBSaveTableTask.Abstractions.csproj", "{4E687181-69DF-43B3-9F6E-2914C512A648}"
EndProject
Project("{9A19103F-16F7-4668-BE54-9A1E7A4F7556}") = "DrevoDB.DBSelectTask.Abstractions", "DrevoDB.DBSelectTask.Abstractions\DrevoDB.DBSelectTask.Abstractions.csproj", "{E0410259-884E-4874-9ACD-E0A5F48F186B}"
EndProject
Project("{9A19103F-16F7-4668-BE54-9A1E7A4F7556}") = "DrevoDB.DBTransactionTask.Abstractions", "DrevoDB.DBTransactionTask.Abstractions\DrevoDB.DBTransactionTask.Abstractions.csproj", "{3159D555-E085-4080-9F2B-D65864F3E131}"
EndProject
Project("{FAE04EC0-301F-11D3-BF4B-00C04F79EFBC}") = "DrevoDB.DBDropColumnTask", "DrevoDB.DBDropColumnTask\DrevoDB.DBDropColumnTask.csproj", "{73F83D48-2649-4B9C-8E9E-39C99A5DF5CF}"
EndProject
Project("{FAE04EC0-301F-11D3-BF4B-00C04F79EFBC}") = "DrevoDB.DBDropTableTask", "DrevoDB.DBDropTableTask\DrevoDB.DBDropTableTask.csproj", "{006CD5FA-0B6A-40D2-99C1-9C86672E6A13}"
EndProject
Project("{FAE04EC0-301F-11D3-BF4B-00C04F79EFBC}") = "DrevoDB.DBSaveColumnTask", "DrevoDB.DBSaveColumnTask\DrevoDB.DBSaveColumnTask.csproj", "{9ABE5FEB-A29D-485B-B932-AA497855E729}"
EndProject
Project("{FAE04EC0-301F-11D3-BF4B-00C04F79EFBC}") = "DrevoDB.DBSaveTableTask", "DrevoDB.DBSaveTableTask\DrevoDB.DBSaveTableTask.csproj", "{7ECC134E-1031-4E10-BF55-6506FCFF2056}"
EndProject
Project("{FAE04EC0-301F-11D3-BF4B-00C04F79EFBC}") = "DrevoDB.DBSelectTask", "DrevoDB.DBSelectTask\DrevoDB.DBSelectTask.csproj", "{6BC1F93C-2E23-44E5-951B-B89FD47DE720}"
EndProject
Project("{FAE04EC0-301F-11D3-BF4B-00C04F79EFBC}") = "DrevoDB.DBTransactionTask", "DrevoDB.DBTransactionTask\DrevoDB.DBTransactionTask.csproj", "{FF0947CD-1CF1-45F6-B0A5-93738C2BA8BA}"
EndProject
Global
	GlobalSection(SolutionConfigurationPlatforms) = preSolution
		Debug|Any CPU = Debug|Any CPU
		Release|Any CPU = Release|Any CPU
	EndGlobalSection
	GlobalSection(ProjectConfigurationPlatforms) = postSolution
		{782326B3-4F63-4374-9DAC-F4F5C88D4980}.Debug|Any CPU.ActiveCfg = Debug|Any CPU
		{782326B3-4F63-4374-9DAC-F4F5C88D4980}.Debug|Any CPU.Build.0 = Debug|Any CPU
		{782326B3-4F63-4374-9DAC-F4F5C88D4980}.Release|Any CPU.ActiveCfg = Release|Any CPU
		{782326B3-4F63-4374-9DAC-F4F5C88D4980}.Release|Any CPU.Build.0 = Release|Any CPU
		{AA531393-47FC-4381-8451-13FA6CEB407A}.Debug|Any CPU.ActiveCfg = Debug|Any CPU
		{AA531393-47FC-4381-8451-13FA6CEB407A}.Debug|Any CPU.Build.0 = Debug|Any CPU
		{AA531393-47FC-4381-8451-13FA6CEB407A}.Release|Any CPU.ActiveCfg = Release|Any CPU
		{AA531393-47FC-4381-8451-13FA6CEB407A}.Release|Any CPU.Build.0 = Release|Any CPU
		{3638941A-F112-4CD8-887F-768F87CD06DF}.Debug|Any CPU.ActiveCfg = Debug|Any CPU
		{3638941A-F112-4CD8-887F-768F87CD06DF}.Debug|Any CPU.Build.0 = Debug|Any CPU
		{3638941A-F112-4CD8-887F-768F87CD06DF}.Release|Any CPU.ActiveCfg = Release|Any CPU
		{3638941A-F112-4CD8-887F-768F87CD06DF}.Release|Any CPU.Build.0 = Release|Any CPU
		{79B05C73-77F4-4EDD-8A14-BAFD7C03D8C2}.Debug|Any CPU.ActiveCfg = Debug|Any CPU
		{79B05C73-77F4-4EDD-8A14-BAFD7C03D8C2}.Debug|Any CPU.Build.0 = Debug|Any CPU
		{79B05C73-77F4-4EDD-8A14-BAFD7C03D8C2}.Release|Any CPU.ActiveCfg = Release|Any CPU
		{79B05C73-77F4-4EDD-8A14-BAFD7C03D8C2}.Release|Any CPU.Build.0 = Release|Any CPU
		{E528FF13-F366-4919-9E51-C4377FAEC161}.Debug|Any CPU.ActiveCfg = Debug|Any CPU
		{E528FF13-F366-4919-9E51-C4377FAEC161}.Debug|Any CPU.Build.0 = Debug|Any CPU
		{E528FF13-F366-4919-9E51-C4377FAEC161}.Release|Any CPU.ActiveCfg = Release|Any CPU
		{E528FF13-F366-4919-9E51-C4377FAEC161}.Release|Any CPU.Build.0 = Release|Any CPU
		{719C621D-1EF3-43CE-90C1-6F090433E7D3}.Debug|Any CPU.ActiveCfg = Debug|Any CPU
		{719C621D-1EF3-43CE-90C1-6F090433E7D3}.Debug|Any CPU.Build.0 = Debug|Any CPU
		{719C621D-1EF3-43CE-90C1-6F090433E7D3}.Release|Any CPU.ActiveCfg = Release|Any CPU
		{719C621D-1EF3-43CE-90C1-6F090433E7D3}.Release|Any CPU.Build.0 = Release|Any CPU
		{0E432ABB-7F68-4C6B-A22A-501AD0264B0A}.Debug|Any CPU.ActiveCfg = Debug|Any CPU
		{0E432ABB-7F68-4C6B-A22A-501AD0264B0A}.Debug|Any CPU.Build.0 = Debug|Any CPU
		{0E432ABB-7F68-4C6B-A22A-501AD0264B0A}.Release|Any CPU.ActiveCfg = Release|Any CPU
		{0E432ABB-7F68-4C6B-A22A-501AD0264B0A}.Release|Any CPU.Build.0 = Release|Any CPU
		{FA9A848A-E647-4100-B675-6ED32463561A}.Debug|Any CPU.ActiveCfg = Debug|Any CPU
		{FA9A848A-E647-4100-B675-6ED32463561A}.Debug|Any CPU.Build.0 = Debug|Any CPU
		{FA9A848A-E647-4100-B675-6ED32463561A}.Release|Any CPU.ActiveCfg = Release|Any CPU
		{FA9A848A-E647-4100-B675-6ED32463561A}.Release|Any CPU.Build.0 = Release|Any CPU
		{C3E7B0B0-41CC-4D8B-A821-1DD81C4887DB}.Debug|Any CPU.ActiveCfg = Debug|Any CPU
		{C3E7B0B0-41CC-4D8B-A821-1DD81C4887DB}.Debug|Any CPU.Build.0 = Debug|Any CPU
		{C3E7B0B0-41CC-4D8B-A821-1DD81C4887DB}.Release|Any CPU.ActiveCfg = Release|Any CPU
		{C3E7B0B0-41CC-4D8B-A821-1DD81C4887DB}.Release|Any CPU.Build.0 = Release|Any CPU
		{F2421BF9-EB30-4B61-B837-ECB57C967C8F}.Debug|Any CPU.ActiveCfg = Debug|Any CPU
		{F2421BF9-EB30-4B61-B837-ECB57C967C8F}.Debug|Any CPU.Build.0 = Debug|Any CPU
		{F2421BF9-EB30-4B61-B837-ECB57C967C8F}.Release|Any CPU.ActiveCfg = Release|Any CPU
		{F2421BF9-EB30-4B61-B837-ECB57C967C8F}.Release|Any CPU.Build.0 = Release|Any CPU
		{C777AC09-B5AE-465D-9743-8790894289A4}.Debug|Any CPU.ActiveCfg = Debug|Any CPU
		{C777AC09-B5AE-465D-9743-8790894289A4}.Debug|Any CPU.Build.0 = Debug|Any CPU
		{C777AC09-B5AE-465D-9743-8790894289A4}.Release|Any CPU.ActiveCfg = Release|Any CPU
		{C777AC09-B5AE-465D-9743-8790894289A4}.Release|Any CPU.Build.0 = Release|Any CPU
		{97F71053-5FF1-4759-A64B-98434D2A593A}.Debug|Any CPU.ActiveCfg = Debug|Any CPU
		{97F71053-5FF1-4759-A64B-98434D2A593A}.Debug|Any CPU.Build.0 = Debug|Any CPU
		{97F71053-5FF1-4759-A64B-98434D2A593A}.Release|Any CPU.ActiveCfg = Release|Any CPU
		{97F71053-5FF1-4759-A64B-98434D2A593A}.Release|Any CPU.Build.0 = Release|Any CPU
		{4CBE257E-DB0E-4BDD-B9CD-72AE9FE80CDD}.Debug|Any CPU.ActiveCfg = Debug|Any CPU
		{4CBE257E-DB0E-4BDD-B9CD-72AE9FE80CDD}.Debug|Any CPU.Build.0 = Debug|Any CPU
		{4CBE257E-DB0E-4BDD-B9CD-72AE9FE80CDD}.Release|Any CPU.ActiveCfg = Release|Any CPU
		{4CBE257E-DB0E-4BDD-B9CD-72AE9FE80CDD}.Release|Any CPU.Build.0 = Release|Any CPU
		{1535AC8D-AD7E-4E85-B2DA-0C6FC3F097D5}.Debug|Any CPU.ActiveCfg = Debug|Any CPU
		{1535AC8D-AD7E-4E85-B2DA-0C6FC3F097D5}.Debug|Any CPU.Build.0 = Debug|Any CPU
		{1535AC8D-AD7E-4E85-B2DA-0C6FC3F097D5}.Release|Any CPU.ActiveCfg = Release|Any CPU
		{1535AC8D-AD7E-4E85-B2DA-0C6FC3F097D5}.Release|Any CPU.Build.0 = Release|Any CPU
		{3E3D0260-C219-4834-BA63-E6BDEE1EB380}.Debug|Any CPU.ActiveCfg = Debug|Any CPU
		{3E3D0260-C219-4834-BA63-E6BDEE1EB380}.Debug|Any CPU.Build.0 = Debug|Any CPU
		{3E3D0260-C219-4834-BA63-E6BDEE1EB380}.Release|Any CPU.ActiveCfg = Release|Any CPU
		{3E3D0260-C219-4834-BA63-E6BDEE1EB380}.Release|Any CPU.Build.0 = Release|Any CPU
		{92F1C3E9-09BD-44D4-A7FA-87C372CEB3D6}.Debug|Any CPU.ActiveCfg = Debug|Any CPU
		{92F1C3E9-09BD-44D4-A7FA-87C372CEB3D6}.Debug|Any CPU.Build.0 = Debug|Any CPU
		{92F1C3E9-09BD-44D4-A7FA-87C372CEB3D6}.Release|Any CPU.ActiveCfg = Release|Any CPU
		{92F1C3E9-09BD-44D4-A7FA-87C372CEB3D6}.Release|Any CPU.Build.0 = Release|Any CPU
		{B0436EE2-338D-4F49-A304-6ABD47B72181}.Debug|Any CPU.ActiveCfg = Debug|Any CPU
		{B0436EE2-338D-4F49-A304-6ABD47B72181}.Debug|Any CPU.Build.0 = Debug|Any CPU
		{B0436EE2-338D-4F49-A304-6ABD47B72181}.Release|Any CPU.ActiveCfg = Release|Any CPU
		{B0436EE2-338D-4F49-A304-6ABD47B72181}.Release|Any CPU.Build.0 = Release|Any CPU
		{0F14F614-E47E-4E2C-8053-E75161561669}.Debug|Any CPU.ActiveCfg = Debug|Any CPU
		{0F14F614-E47E-4E2C-8053-E75161561669}.Debug|Any CPU.Build.0 = Debug|Any CPU
		{0F14F614-E47E-4E2C-8053-E75161561669}.Release|Any CPU.ActiveCfg = Release|Any CPU
		{0F14F614-E47E-4E2C-8053-E75161561669}.Release|Any CPU.Build.0 = Release|Any CPU
		{4E687181-69DF-43B3-9F6E-2914C512A648}.Debug|Any CPU.ActiveCfg = Debug|Any CPU
		{4E687181-69DF-43B3-9F6E-2914C512A648}.Debug|Any CPU.Build.0 = Debug|Any CPU
		{4E687181-69DF-43B3-9F6E-2914C512A648}.Release|Any CPU.ActiveCfg = Release|Any CPU
		{4E687181-69DF-43B3-9F6E-2914C512A648}.Release|Any CPU.Build.0 = Release|Any CPU
		{E0410259-884E-4874-9ACD-E0A5F48F186B}.Debug|Any CPU.ActiveCfg = Debug|Any CPU
		{E0410259-884E-4874-9ACD-E0A5F48F186B}.Debug|Any CPU.Build.0 = Debug|Any CPU
		{E0410259-884E-4874-9ACD-E0A5F48F186B}.Release|Any CPU.ActiveCfg = Release|Any CPU
		{E0410259-884E-4874-9ACD-E0A5F48F186B}.Release|Any CPU.Build.0 = Release|Any CPU
		{3159D555-E085-4080-9F2B-D65864F3E131}.Debug|Any CPU.ActiveCfg = Debug|Any CPU
		{3159D555-E085-4080-9F2B-D65864F3E131}.Debug|Any CPU.Build.0 = Debug|Any CPU
		{3159D555-E085-4080-9F2B-D65864F3E131}.Release|Any CPU.ActiveCfg = Release|Any CPU
		{3159D555-E085-4080-9F2B-D65864F3E131}.Release|Any CPU.Build.0 = Release|Any CPU
		{73F83D48-2649-4B9C-8E9E-39C99A5DF5CF}.Debug|Any CPU.ActiveCfg = Debug|Any CPU
		{73F83D48-2649-4B9C-8E9E-39C99A5DF5CF}.Debug|Any CPU.Build.0 = Debug|Any CPU
		{73F83D48-2649-4B9C-8E9E-39C99A5DF5CF}.Release|Any CPU.ActiveCfg = Release|Any CPU
		{73F83D48-2649-4B9C-8E9E-39C99A5DF5CF}.Release|Any CPU.Build.0 = Release|Any CPU
		{006CD5FA-0B6A-40D2-99C1-9C86672E6A13}.Debug|Any CPU.ActiveCfg = Debug|Any CPU
		{006CD5FA-0B6A-40D2-99C1-9C86672E6A13}.Debug|Any CPU.Build.0 = Debug|Any CPU
		{006CD5FA-0B6A-40D2-99C1-9C86672E6A13}.Release|Any CPU.ActiveCfg = Release|Any CPU
		{006CD5FA-0B6A-40D2-99C1-9C86672E6A13}.Release|Any CPU.Build.0 = Release|Any CPU
		{9ABE5FEB-A29D-485B-B932-AA497855E729}.Debug|Any CPU.ActiveCfg = Debug|Any CPU
		{9ABE5FEB-A29D-485B-B932-AA497855E729}.Debug|Any CPU.Build.0 = Debug|Any CPU
		{9ABE5FEB-A29D-485B-B932-AA497855E729}.Release|Any CPU.ActiveCfg = Release|Any CPU
		{9ABE5FEB-A29D-485B-B932-AA497855E729}.Release|Any CPU.Build.0 = Release|Any CPU
		{7ECC134E-1031-4E10-BF55-6506FCFF2056}.Debug|Any CPU.ActiveCfg = Debug|Any CPU
		{7ECC134E-1031-4E10-BF55-6506FCFF2056}.Debug|Any CPU.Build.0 = Debug|Any CPU
		{7ECC134E-1031-4E10-BF55-6506FCFF2056}.Release|Any CPU.ActiveCfg = Release|Any CPU
		{7ECC134E-1031-4E10-BF55-6506FCFF2056}.Release|Any CPU.Build.0 = Release|Any CPU
		{6BC1F93C-2E23-44E5-951B-B89FD47DE720}.Debug|Any CPU.ActiveCfg = Debug|Any CPU
		{6BC1F93C-2E23-44E5-951B-B89FD47DE720}.Debug|Any CPU.Build.0 = Debug|Any CPU
		{6BC1F93C-2E23-44E5-951B-B89FD47DE720}.Release|Any CPU.ActiveCfg = Release|Any CPU
		{6BC1F93C-2E23-44E5-951B-B89FD47DE720}.Release|Any CPU.Build.0 = Release|Any CPU
		{FF0947CD-1CF1-45F6-B0A5-93738C2BA8BA}.Debug|Any CPU.ActiveCfg = Debug|Any CPU
		{FF0947CD-1CF1-45F6-B0A5-93738C2BA8BA}.Debug|Any CPU.Build.0 = Debug|Any CPU
		{FF0947CD-1CF1-45F6-B0A5-93738C2BA8BA}.Release|Any CPU.ActiveCfg = Release|Any CPU
		{FF0947CD-1CF1-45F6-B0A5-93738C2BA8BA}.Release|Any CPU.Build.0 = Release|Any CPU
	EndGlobalSection
	GlobalSection(SolutionProperties) = preSolution
		HideSolutionNode = FALSE
	EndGlobalSection
	GlobalSection(NestedProjects) = preSolution
		{782326B3-4F63-4374-9DAC-F4F5C88D4980} = {C8795A02-87FB-4804-B002-10576446B726}
		{AA531393-47FC-4381-8451-13FA6CEB407A} = {9922DA2D-D537-4C47-9E13-8378954AED37}
		{3638941A-F112-4CD8-887F-768F87CD06DF} = {F7484020-BEF8-411B-9355-697D789AAF30}
		{F7484020-BEF8-411B-9355-697D789AAF30} = {CCBCB1B3-14BE-41FA-A03E-3B3245F158AC}
		{1F53DD7A-5C31-470F-A18E-D5A13EFBCD03} = {CCBCB1B3-14BE-41FA-A03E-3B3245F158AC}
		{79B05C73-77F4-4EDD-8A14-BAFD7C03D8C2} = {C0D4A69B-CA52-457B-8503-689344934893}
		{E528FF13-F366-4919-9E51-C4377FAEC161} = {7F2D2035-FE4B-4475-B3A6-5DD7BA5C2746}
		{719C621D-1EF3-43CE-90C1-6F090433E7D3} = {DBED746F-FC51-452D-AB8C-F3920DF12718}
		{DBED746F-FC51-452D-AB8C-F3920DF12718} = {CCBCB1B3-14BE-41FA-A03E-3B3245F158AC}
		{0E432ABB-7F68-4C6B-A22A-501AD0264B0A} = {7F2D2035-FE4B-4475-B3A6-5DD7BA5C2746}
		{FA9A848A-E647-4100-B675-6ED32463561A} = {7F2D2035-FE4B-4475-B3A6-5DD7BA5C2746}
		{172AFC9D-CE8A-4441-852B-90AEA36F6B3C} = {CCBCB1B3-14BE-41FA-A03E-3B3245F158AC}
		{C3E7B0B0-41CC-4D8B-A821-1DD81C4887DB} = {6CEEDA7B-EA78-408D-B69E-88ED24679B10}
		{6CEEDA7B-EA78-408D-B69E-88ED24679B10} = {CCBCB1B3-14BE-41FA-A03E-3B3245F158AC}
		{F2421BF9-EB30-4B61-B837-ECB57C967C8F} = {92CADA5F-BB19-4D09-AD9D-F955A177E6E2}
		{C777AC09-B5AE-465D-9743-8790894289A4} = {92CADA5F-BB19-4D09-AD9D-F955A177E6E2}
		{97F71053-5FF1-4759-A64B-98434D2A593A} = {3C011BC9-4B3B-433A-A94C-F07D10DF37AF}
		{4CBE257E-DB0E-4BDD-B9CD-72AE9FE80CDD} = {D9F67FFF-679E-49A6-B92D-627ADD475785}
		{1535AC8D-AD7E-4E85-B2DA-0C6FC3F097D5} = {D9F67FFF-679E-49A6-B92D-627ADD475785}
		{3E3D0260-C219-4834-BA63-E6BDEE1EB380} = {D9F67FFF-679E-49A6-B92D-627ADD475785}
		{92CADA5F-BB19-4D09-AD9D-F955A177E6E2} = {172AFC9D-CE8A-4441-852B-90AEA36F6B3C}
		{3C011BC9-4B3B-433A-A94C-F07D10DF37AF} = {172AFC9D-CE8A-4441-852B-90AEA36F6B3C}
		{D9F67FFF-679E-49A6-B92D-627ADD475785} = {172AFC9D-CE8A-4441-852B-90AEA36F6B3C}
		{C0D4A69B-CA52-457B-8503-689344934893} = {7F2D2035-FE4B-4475-B3A6-5DD7BA5C2746}
		{92F1C3E9-09BD-44D4-A7FA-87C372CEB3D6} = {C0D4A69B-CA52-457B-8503-689344934893}
		{B0436EE2-338D-4F49-A304-6ABD47B72181} = {C0D4A69B-CA52-457B-8503-689344934893}
		{0F14F614-E47E-4E2C-8053-E75161561669} = {C0D4A69B-CA52-457B-8503-689344934893}
		{4E687181-69DF-43B3-9F6E-2914C512A648} = {C0D4A69B-CA52-457B-8503-689344934893}
		{E0410259-884E-4874-9ACD-E0A5F48F186B} = {C0D4A69B-CA52-457B-8503-689344934893}
		{3159D555-E085-4080-9F2B-D65864F3E131} = {C0D4A69B-CA52-457B-8503-689344934893}
		{73F83D48-2649-4B9C-8E9E-39C99A5DF5CF} = {1F53DD7A-5C31-470F-A18E-D5A13EFBCD03}
		{006CD5FA-0B6A-40D2-99C1-9C86672E6A13} = {1F53DD7A-5C31-470F-A18E-D5A13EFBCD03}
		{9ABE5FEB-A29D-485B-B932-AA497855E729} = {1F53DD7A-5C31-470F-A18E-D5A13EFBCD03}
		{7ECC134E-1031-4E10-BF55-6506FCFF2056} = {1F53DD7A-5C31-470F-A18E-D5A13EFBCD03}
		{6BC1F93C-2E23-44E5-951B-B89FD47DE720} = {1F53DD7A-5C31-470F-A18E-D5A13EFBCD03}
		{FF0947CD-1CF1-45F6-B0A5-93738C2BA8BA} = {1F53DD7A-5C31-470F-A18E-D5A13EFBCD03}
	EndGlobalSection
	GlobalSection(ExtensibilityGlobals) = postSolution
		SolutionGuid = {1F51BC51-FA46-4BB2-9872-42F802B47BB2}
	EndGlobalSection
EndGlobal
