
Microsoft Visual Studio Solution File, Format Version 12.00
# Visual Studio Version 17
VisualStudioVersion = 17.8.34316.72
MinimumVisualStudioVersion = 10.0.40219.1
Project("{9A19103F-16F7-4668-BE54-9A1E7A4F7556}") = "DrevoDB.Server", "DrevoDB.Server\DrevoDB.Server.csproj", "{782326B3-4F63-4374-9DAC-F4F5C88D4980}"
EndProject
Project("{9A19103F-16F7-4668-BE54-9A1E7A4F7556}") = "DrevoDB.Core", "DrevoDB.Core\DrevoDB.Core.csproj", "{AA531393-47FC-4381-8451-13FA6CEB407A}"
EndProject
Project("{2150E333-8FDC-42A3-9474-1A3956D46DE8}") = "Solution Items", "Solution Items", "{B88E7B13-465E-479E-99A5-CAF899186E32}"
	ProjectSection(SolutionItems) = preProject
		.editorconfig = .editorconfig
		.filenesting.json = .filenesting.json
		nuget.config = nuget.config
	EndProjectSection
EndProject
Project("{2150E333-8FDC-42A3-9474-1A3956D46DE8}") = "Core", "Core", "{9922DA2D-D537-4C47-9E13-8378954AED37}"
EndProject
Project("{9A19103F-16F7-4668-BE54-9A1E7A4F7556}") = "DrevoDB.SQLClient", "DrevoDB.SQLClient\DrevoDB.SQLClient.csproj", "{3638941A-F112-4CD8-887F-768F87CD06DF}"
EndProject
Project("{2150E333-8FDC-42A3-9474-1A3956D46DE8}") = "Static modules", "Static modules", "{CCBCB1B3-14BE-41FA-A03E-3B3245F158AC}"
EndProject
Project("{2150E333-8FDC-42A3-9474-1A3956D46DE8}") = "Shells", "Shells", "{C8795A02-87FB-4804-B002-10576446B726}"
EndProject
Project("{2150E333-8FDC-42A3-9474-1A3956D46DE8}") = "SQLClient", "SQLClient", "{F7484020-BEF8-411B-9355-697D789AAF30}"
EndProject
Project("{2150E333-8FDC-42A3-9474-1A3956D46DE8}") = "DBTasks", "DBTasks", "{1F53DD7A-5C31-470F-A18E-D5A13EFBCD03}"
EndProject
Project("{9A19103F-16F7-4668-BE54-9A1E7A4F7556}") = "DrevoDB.DBTasks", "DrevoDB.DBTasks\DrevoDB.DBTasks.csproj", "{724C3A45-CAE3-45D9-AEC8-DC61235D775D}"
EndProject
Project("{9A19103F-16F7-4668-BE54-9A1E7A4F7556}") = "DrevoDB.DBTasks.Abstractions", "DrevoDB.DBTasks.Abstractions\DrevoDB.DBTasks.Abstractions.csproj", "{79B05C73-77F4-4EDD-8A14-BAFD7C03D8C2}"
EndProject
Project("{2150E333-8FDC-42A3-9474-1A3956D46DE8}") = "Infrastructure", "Infrastructure", "{7F2D2035-FE4B-4475-B3A6-5DD7BA5C2746}"
EndProject
Project("{9A19103F-16F7-4668-BE54-9A1E7A4F7556}") = "DrevoDB.InfrastructureTypes", "DrevoDB.InfrastructureTypes\DrevoDB.InfrastructureTypes.csproj", "{BB372EDB-8784-4909-A950-DB4C913539C0}"
EndProject
Project("{FAE04EC0-301F-11D3-BF4B-00C04F79EFBC}") = "DrevoDB.DBProfiler.Abstractions", "DrevoDB.DBProfiler.Abstractions\DrevoDB.DBProfiler.Abstractions.csproj", "{E528FF13-F366-4919-9E51-C4377FAEC161}"
EndProject
Project("{FAE04EC0-301F-11D3-BF4B-00C04F79EFBC}") = "DrevoDB.DBProfiler", "DrevoDB.DBProfiler\DrevoDB.DBProfiler.csproj", "{719C621D-1EF3-43CE-90C1-6F090433E7D3}"
EndProject
Project("{2150E333-8FDC-42A3-9474-1A3956D46DE8}") = "DBProfiler", "DBProfiler", "{DBED746F-FC51-452D-AB8C-F3920DF12718}"
EndProject
Global
	GlobalSection(SolutionConfigurationPlatforms) = preSolution
		Debug|Any CPU = Debug|Any CPU
		Release|Any CPU = Release|Any CPU
	EndGlobalSection
	GlobalSection(ProjectConfigurationPlatforms) = postSolution
		{782326B3-4F63-4374-9DAC-F4F5C88D4980}.Debug|Any CPU.ActiveCfg = Debug|Any CPU
		{782326B3-4F63-4374-9DAC-F4F5C88D4980}.Debug|Any CPU.Build.0 = Debug|Any CPU
		{782326B3-4F63-4374-9DAC-F4F5C88D4980}.Release|Any CPU.ActiveCfg = Release|Any CPU
		{782326B3-4F63-4374-9DAC-F4F5C88D4980}.Release|Any CPU.Build.0 = Release|Any CPU
		{AA531393-47FC-4381-8451-13FA6CEB407A}.Debug|Any CPU.ActiveCfg = Debug|Any CPU
		{AA531393-47FC-4381-8451-13FA6CEB407A}.Debug|Any CPU.Build.0 = Debug|Any CPU
		{AA531393-47FC-4381-8451-13FA6CEB407A}.Release|Any CPU.ActiveCfg = Release|Any CPU
		{AA531393-47FC-4381-8451-13FA6CEB407A}.Release|Any CPU.Build.0 = Release|Any CPU
		{3638941A-F112-4CD8-887F-768F87CD06DF}.Debug|Any CPU.ActiveCfg = Debug|Any CPU
		{3638941A-F112-4CD8-887F-768F87CD06DF}.Debug|Any CPU.Build.0 = Debug|Any CPU
		{3638941A-F112-4CD8-887F-768F87CD06DF}.Release|Any CPU.ActiveCfg = Release|Any CPU
		{3638941A-F112-4CD8-887F-768F87CD06DF}.Release|Any CPU.Build.0 = Release|Any CPU
		{724C3A45-CAE3-45D9-AEC8-DC61235D775D}.Debug|Any CPU.ActiveCfg = Debug|Any CPU
		{724C3A45-CAE3-45D9-AEC8-DC61235D775D}.Debug|Any CPU.Build.0 = Debug|Any CPU
		{724C3A45-CAE3-45D9-AEC8-DC61235D775D}.Release|Any CPU.ActiveCfg = Release|Any CPU
		{724C3A45-CAE3-45D9-AEC8-DC61235D775D}.Release|Any CPU.Build.0 = Release|Any CPU
		{79B05C73-77F4-4EDD-8A14-BAFD7C03D8C2}.Debug|Any CPU.ActiveCfg = Debug|Any CPU
		{79B05C73-77F4-4EDD-8A14-BAFD7C03D8C2}.Debug|Any CPU.Build.0 = Debug|Any CPU
		{79B05C73-77F4-4EDD-8A14-BAFD7C03D8C2}.Release|Any CPU.ActiveCfg = Release|Any CPU
		{79B05C73-77F4-4EDD-8A14-BAFD7C03D8C2}.Release|Any CPU.Build.0 = Release|Any CPU
		{BB372EDB-8784-4909-A950-DB4C913539C0}.Debug|Any CPU.ActiveCfg = Debug|Any CPU
		{BB372EDB-8784-4909-A950-DB4C913539C0}.Debug|Any CPU.Build.0 = Debug|Any CPU
		{BB372EDB-8784-4909-A950-DB4C913539C0}.Release|Any CPU.ActiveCfg = Release|Any CPU
		{BB372EDB-8784-4909-A950-DB4C913539C0}.Release|Any CPU.Build.0 = Release|Any CPU
		{E528FF13-F366-4919-9E51-C4377FAEC161}.Debug|Any CPU.ActiveCfg = Debug|Any CPU
		{E528FF13-F366-4919-9E51-C4377FAEC161}.Debug|Any CPU.Build.0 = Debug|Any CPU
		{E528FF13-F366-4919-9E51-C4377FAEC161}.Release|Any CPU.ActiveCfg = Release|Any CPU
		{E528FF13-F366-4919-9E51-C4377FAEC161}.Release|Any CPU.Build.0 = Release|Any CPU
		{719C621D-1EF3-43CE-90C1-6F090433E7D3}.Debug|Any CPU.ActiveCfg = Debug|Any CPU
		{719C621D-1EF3-43CE-90C1-6F090433E7D3}.Debug|Any CPU.Build.0 = Debug|Any CPU
		{719C621D-1EF3-43CE-90C1-6F090433E7D3}.Release|Any CPU.ActiveCfg = Release|Any CPU
		{719C621D-1EF3-43CE-90C1-6F090433E7D3}.Release|Any CPU.Build.0 = Release|Any CPU
	EndGlobalSection
	GlobalSection(SolutionProperties) = preSolution
		HideSolutionNode = FALSE
	EndGlobalSection
	GlobalSection(NestedProjects) = preSolution
		{782326B3-4F63-4374-9DAC-F4F5C88D4980} = {C8795A02-87FB-4804-B002-10576446B726}
		{AA531393-47FC-4381-8451-13FA6CEB407A} = {9922DA2D-D537-4C47-9E13-8378954AED37}
		{3638941A-F112-4CD8-887F-768F87CD06DF} = {F7484020-BEF8-411B-9355-697D789AAF30}
		{F7484020-BEF8-411B-9355-697D789AAF30} = {CCBCB1B3-14BE-41FA-A03E-3B3245F158AC}
		{1F53DD7A-5C31-470F-A18E-D5A13EFBCD03} = {CCBCB1B3-14BE-41FA-A03E-3B3245F158AC}
		{724C3A45-CAE3-45D9-AEC8-DC61235D775D} = {1F53DD7A-5C31-470F-A18E-D5A13EFBCD03}
		{79B05C73-77F4-4EDD-8A14-BAFD7C03D8C2} = {7F2D2035-FE4B-4475-B3A6-5DD7BA5C2746}
		{BB372EDB-8784-4909-A950-DB4C913539C0} = {7F2D2035-FE4B-4475-B3A6-5DD7BA5C2746}
		{E528FF13-F366-4919-9E51-C4377FAEC161} = {7F2D2035-FE4B-4475-B3A6-5DD7BA5C2746}
		{719C621D-1EF3-43CE-90C1-6F090433E7D3} = {DBED746F-FC51-452D-AB8C-F3920DF12718}
		{DBED746F-FC51-452D-AB8C-F3920DF12718} = {CCBCB1B3-14BE-41FA-A03E-3B3245F158AC}
	EndGlobalSection
	GlobalSection(ExtensibilityGlobals) = postSolution
		SolutionGuid = {1F51BC51-FA46-4BB2-9872-42F802B47BB2}
	EndGlobalSection
EndGlobal
